
Microsoft Visual Studio Solution File, Format Version 12.00
# Visual Studio 2013
VisualStudioVersion = 12.0.21005.1
MinimumVisualStudioVersion = 10.0.40219.1
Project("{FAE04EC0-301F-11D3-BF4B-00C04F79EFBC}") = "MyScratchPad.WebUI", "MyScratchPad\MyScratchPad.WebUI.csproj", "{DD903525-803F-4676-BF38-D444C9E701DB}"
EndProject
Project("{FAE04EC0-301F-11D3-BF4B-00C04F79EFBC}") = "MyScratchPad.Tests", "MyScratchPad.Tests\MyScratchPad.Tests.csproj", "{20F6A8F8-9E79-4F0B-9868-C04F69FCFBC5}"
EndProject
Global
	GlobalSection(SolutionConfigurationPlatforms) = preSolution
		Debug|Any CPU = Debug|Any CPU
		Release|Any CPU = Release|Any CPU
	EndGlobalSection
	GlobalSection(ProjectConfigurationPlatforms) = postSolution
		{DD903525-803F-4676-BF38-D444C9E701DB}.Debug|Any CPU.ActiveCfg = Debug|Any CPU
		{DD903525-803F-4676-BF38-D444C9E701DB}.Debug|Any CPU.Build.0 = Debug|Any CPU
		{DD903525-803F-4676-BF38-D444C9E701DB}.Release|Any CPU.ActiveCfg = Release|Any CPU
		{DD903525-803F-4676-BF38-D444C9E701DB}.Release|Any CPU.Build.0 = Release|Any CPU
		{20F6A8F8-9E79-4F0B-9868-C04F69FCFBC5}.Debug|Any CPU.ActiveCfg = Debug|Any CPU
		{20F6A8F8-9E79-4F0B-9868-C04F69FCFBC5}.Debug|Any CPU.Build.0 = Debug|Any CPU
		{20F6A8F8-9E79-4F0B-9868-C04F69FCFBC5}.Release|Any CPU.ActiveCfg = Release|Any CPU
		{20F6A8F8-9E79-4F0B-9868-C04F69FCFBC5}.Release|Any CPU.Build.0 = Release|Any CPU
	EndGlobalSection
	GlobalSection(SolutionProperties) = preSolution
		HideSolutionNode = FALSE
	EndGlobalSection
EndGlobal
